
Microsoft Visual Studio Solution File, Format Version 12.00
# Visual Studio Version 16
VisualStudioVersion = 16.0.31112.23
MinimumVisualStudioVersion = 10.0.40219.1
Project("{FAE04EC0-301F-11D3-BF4B-00C04F79EFBC}") = "LW__16", "LW__16.csproj", "{CEBD6771-58BD-4B72-B38F-81325341381C}"
EndProject
Global
	GlobalSection(SolutionConfigurationPlatforms) = preSolution
		Debug|Any CPU = Debug|Any CPU
		Release|Any CPU = Release|Any CPU
	EndGlobalSection
	GlobalSection(ProjectConfigurationPlatforms) = postSolution
		{CEBD6771-58BD-4B72-B38F-81325341381C}.Debug|Any CPU.ActiveCfg = Debug|Any CPU
		{CEBD6771-58BD-4B72-B38F-81325341381C}.Debug|Any CPU.Build.0 = Debug|Any CPU
		{CEBD6771-58BD-4B72-B38F-81325341381C}.Release|Any CPU.ActiveCfg = Release|Any CPU
		{CEBD6771-58BD-4B72-B38F-81325341381C}.Release|Any CPU.Build.0 = Release|Any CPU
	EndGlobalSection
	GlobalSection(SolutionProperties) = preSolution
		HideSolutionNode = FALSE
	EndGlobalSection
	GlobalSection(ExtensibilityGlobals) = postSolution
		SolutionGuid = {37B76867-D876-46FB-8AA7-7624C389322B}
	EndGlobalSection
EndGlobal
